
Microsoft Visual Studio Solution File, Format Version 12.00
# Visual Studio Version 17
VisualStudioVersion = 17.5.002.0
MinimumVisualStudioVersion = 10.0.40219.1
Project("{2150E333-8FDC-42A3-9474-1A3956D46DE8}") = "codigo", "codigo", "{64B034D2-3FA8-49BE-ACC9-3C9B9AE58D00}"
EndProject
Project("{9A19103F-16F7-4668-BE54-9A1E7A4F7556}") = "Jogo - ranking", "codigo\Jogo - ranking\Jogo - ranking.csproj", "{3A2B3285-5CCA-4845-B7BB-EB36D8F49C9E}"
EndProject
Global
	GlobalSection(SolutionConfigurationPlatforms) = preSolution
		Debug|Any CPU = Debug|Any CPU
		Release|Any CPU = Release|Any CPU
	EndGlobalSection
	GlobalSection(ProjectConfigurationPlatforms) = postSolution
		{3A2B3285-5CCA-4845-B7BB-EB36D8F49C9E}.Debug|Any CPU.ActiveCfg = Debug|Any CPU
		{3A2B3285-5CCA-4845-B7BB-EB36D8F49C9E}.Debug|Any CPU.Build.0 = Debug|Any CPU
		{3A2B3285-5CCA-4845-B7BB-EB36D8F49C9E}.Release|Any CPU.ActiveCfg = Release|Any CPU
		{3A2B3285-5CCA-4845-B7BB-EB36D8F49C9E}.Release|Any CPU.Build.0 = Release|Any CPU
	EndGlobalSection
	GlobalSection(SolutionProperties) = preSolution
		HideSolutionNode = FALSE
	EndGlobalSection
	GlobalSection(NestedProjects) = preSolution
		{3A2B3285-5CCA-4845-B7BB-EB36D8F49C9E} = {64B034D2-3FA8-49BE-ACC9-3C9B9AE58D00}
	EndGlobalSection
	GlobalSection(ExtensibilityGlobals) = postSolution
		SolutionGuid = {FBB4504F-3EA4-46D2-9609-06E56F45760C}
	EndGlobalSection
EndGlobal
